
Microsoft Visual Studio Solution File, Format Version 12.00
# Visual Studio Version 17
VisualStudioVersion = 17.0.31903.59
MinimumVisualStudioVersion = 10.0.40219.1
Project("{9A19103F-16F7-4668-BE54-9A1E7A4F7556}") = "CoolShop.AppHost", "src\CoolShop.AppHost\CoolShop.AppHost.csproj", "{B82B5EAA-CA4E-4D3A-ADA0-0757BBF499EC}"
EndProject
Project("{9A19103F-16F7-4668-BE54-9A1E7A4F7556}") = "CoolShop.ServiceDefaults", "src\CoolShop.ServiceDefaults\CoolShop.ServiceDefaults.csproj", "{D130336F-0A5C-41A9-B939-A82CCF4F4FFB}"
EndProject
Project("{2150E333-8FDC-42A3-9474-1A3956D46DE8}") = "Host", "Host", "{A8EAA25D-3B25-4DB9-8006-AE5FD952D3D1}"
EndProject
Project("{2150E333-8FDC-42A3-9474-1A3956D46DE8}") = "BuildingBlocks", "BuildingBlocks", "{6F4260A1-07DE-473B-9191-E560E0031695}"
EndProject
Project("{9A19103F-16F7-4668-BE54-9A1E7A4F7556}") = "CoolShop.Shared", "src\CoolShop.Shared\CoolShop.Shared.csproj", "{4B9F74F2-2884-4EB2-B4F5-5D913877099B}"
EndProject
Project("{9A19103F-16F7-4668-BE54-9A1E7A4F7556}") = "CoolShop.Core", "src\CoolShop.Core\CoolShop.Core.csproj", "{B0B85CD6-72DF-485C-A8C1-6BF575797A37}"
EndProject
Project("{9A19103F-16F7-4668-BE54-9A1E7A4F7556}") = "CoolShop.Constants", "src\CoolShop.Constants\CoolShop.Constants.csproj", "{2881BC10-316C-4579-B2D7-C1FED567B67C}"
EndProject
Project("{2150E333-8FDC-42A3-9474-1A3956D46DE8}") = "Services", "Services", "{DE51B862-11D3-4282-B066-559680C5CEF0}"
EndProject
Project("{9A19103F-16F7-4668-BE54-9A1E7A4F7556}") = "CoolShop.Catalog", "src\CoolShop.Catalog\CoolShop.Catalog.csproj", "{9CE985C8-CC71-45CC-9831-CDFA9EBCCCD4}"
EndProject
Project("{9A19103F-16F7-4668-BE54-9A1E7A4F7556}") = "CoolShop.Cart", "src\CoolShop.Cart\CoolShop.Cart.csproj", "{755EE49F-EACE-48CE-8C23-7C6ADDC8228A}"
EndProject
Project("{2150E333-8FDC-42A3-9474-1A3956D46DE8}") = "Components", "Components", "{B25D00B2-704E-4952-A188-CFF41D0BB9EB}"
EndProject
Project("{9A19103F-16F7-4668-BE54-9A1E7A4F7556}") = "CoolShop.Krakend.Hosting", "src\CoolShop.Krakend.Hosting\CoolShop.Krakend.Hosting.csproj", "{3A47C861-01B9-4486-BEA3-919B29507946}"
EndProject
Project("{9A19103F-16F7-4668-BE54-9A1E7A4F7556}") = "CoolShop.Inventory", "src\CoolShop.Inventory\CoolShop.Inventory.csproj", "{59B257A8-6DEB-48A4-A428-C7A09C29BE35}"
EndProject
Project("{9A19103F-16F7-4668-BE54-9A1E7A4F7556}") = "CoolShop.Ordering", "src\CoolShop.Ordering\CoolShop.Ordering.csproj", "{B76717E7-C6BC-4521-AC98-7034F4E21888}"
EndProject
Project("{2150E333-8FDC-42A3-9474-1A3956D46DE8}") = "Solution Items", "Solution Items", "{B53B2969-7E4B-4926-8002-277D8EE7B7E8}"
	ProjectSection(SolutionItems) = preProject
		Directory.Build.props = Directory.Build.props
		Directory.Packages.props = Directory.Packages.props
	EndProjectSection
EndProject
Project("{2150E333-8FDC-42A3-9474-1A3956D46DE8}") = "Cart", "Cart", "{0030D124-98BE-4F0B-862B-BA73B4AAB4AC}"
EndProject
Project("{2150E333-8FDC-42A3-9474-1A3956D46DE8}") = "Catalog", "Catalog", "{367EAB79-D527-41A8-BF26-2321B1880F42}"
EndProject
Project("{2150E333-8FDC-42A3-9474-1A3956D46DE8}") = "Inventory", "Inventory", "{C7F114E7-E5E1-4ADB-8A3B-009D9743A281}"
EndProject
Project("{2150E333-8FDC-42A3-9474-1A3956D46DE8}") = "Ordering", "Ordering", "{76B763F5-8C76-4B3E-9854-64544B6AE6CF}"
EndProject
Project("{9A19103F-16F7-4668-BE54-9A1E7A4F7556}") = "CoolShop.HealthCheck.Hosting", "src\CoolShop.HealthCheck.Hosting\CoolShop.HealthCheck.Hosting.csproj", "{64C41B4C-C028-4CDB-8353-2D0206BBE94C}"
EndProject
Project("{9A19103F-16F7-4668-BE54-9A1E7A4F7556}") = "CoolShop.Catalog.Domain", "src\CoolShop.Catalog.Domain\CoolShop.Catalog.Domain.csproj", "{263B4C27-529D-4DB8-8412-3023A2BB1FCA}"
EndProject
Project("{9A19103F-16F7-4668-BE54-9A1E7A4F7556}") = "CoolShop.Catalog.Application", "src\CoolShop.Catalog.Application\CoolShop.Catalog.Application.csproj", "{F20BE916-9EB6-4540-A98E-799938F512B7}"
EndProject
Project("{9A19103F-16F7-4668-BE54-9A1E7A4F7556}") = "CoolShop.Catalog.Infrastructure", "src\CoolShop.Catalog.Infrastructure\CoolShop.Catalog.Infrastructure.csproj", "{02212D24-5EA7-4E8C-8B72-5E5FD28A496A}"
EndProject
Project("{2150E333-8FDC-42A3-9474-1A3956D46DE8}") = "Rating", "Rating", "{4D9EBA3C-CE97-45E3-8E26-22F90B326855}"
EndProject
Project("{9A19103F-16F7-4668-BE54-9A1E7A4F7556}") = "CoolShop.Rating", "src\CoolShop.Rating\CoolShop.Rating.csproj", "{B2FCDF99-C5F5-405C-A147-B4B7565394DD}"
EndProject
Project("{FAE04EC0-301F-11D3-BF4B-00C04F79EFBC}") = "CoolShop.MailDev.Hosting", "src\CoolShop.MailDev.Hosting\CoolShop.MailDev.Hosting.csproj", "{C178C382-F8B9-46F8-BCBD-4F968169D8A3}"
EndProject
Project("{2150E333-8FDC-42A3-9474-1A3956D46DE8}") = "Notification", "Notification", "{8EF6C4D0-3A27-42CB-9499-BFF291FD5F3C}"
EndProject
Project("{FAE04EC0-301F-11D3-BF4B-00C04F79EFBC}") = "CoolShop.Notification", "src\CoolShop.Notification\CoolShop.Notification.csproj", "{7B8DF3B4-33BA-484A-BFD1-B8EC57A9996C}"
EndProject
Project("{FAE04EC0-301F-11D3-BF4B-00C04F79EFBC}") = "CoolShop.Ollama.Hosting", "src\CoolShop.Ollama.Hosting\CoolShop.Ollama.Hosting.csproj", "{3B6BEC4C-83A5-425F-AA56-04F93B51928E}"
EndProject
Global
	GlobalSection(SolutionConfigurationPlatforms) = preSolution
		Debug|Any CPU = Debug|Any CPU
		Release|Any CPU = Release|Any CPU
	EndGlobalSection
	GlobalSection(ProjectConfigurationPlatforms) = postSolution
		{B82B5EAA-CA4E-4D3A-ADA0-0757BBF499EC}.Debug|Any CPU.ActiveCfg = Debug|Any CPU
		{B82B5EAA-CA4E-4D3A-ADA0-0757BBF499EC}.Debug|Any CPU.Build.0 = Debug|Any CPU
		{B82B5EAA-CA4E-4D3A-ADA0-0757BBF499EC}.Release|Any CPU.ActiveCfg = Release|Any CPU
		{B82B5EAA-CA4E-4D3A-ADA0-0757BBF499EC}.Release|Any CPU.Build.0 = Release|Any CPU
		{D130336F-0A5C-41A9-B939-A82CCF4F4FFB}.Debug|Any CPU.ActiveCfg = Debug|Any CPU
		{D130336F-0A5C-41A9-B939-A82CCF4F4FFB}.Debug|Any CPU.Build.0 = Debug|Any CPU
		{D130336F-0A5C-41A9-B939-A82CCF4F4FFB}.Release|Any CPU.ActiveCfg = Release|Any CPU
		{D130336F-0A5C-41A9-B939-A82CCF4F4FFB}.Release|Any CPU.Build.0 = Release|Any CPU
		{4B9F74F2-2884-4EB2-B4F5-5D913877099B}.Debug|Any CPU.ActiveCfg = Debug|Any CPU
		{4B9F74F2-2884-4EB2-B4F5-5D913877099B}.Debug|Any CPU.Build.0 = Debug|Any CPU
		{4B9F74F2-2884-4EB2-B4F5-5D913877099B}.Release|Any CPU.ActiveCfg = Release|Any CPU
		{4B9F74F2-2884-4EB2-B4F5-5D913877099B}.Release|Any CPU.Build.0 = Release|Any CPU
		{B0B85CD6-72DF-485C-A8C1-6BF575797A37}.Debug|Any CPU.ActiveCfg = Debug|Any CPU
		{B0B85CD6-72DF-485C-A8C1-6BF575797A37}.Debug|Any CPU.Build.0 = Debug|Any CPU
		{B0B85CD6-72DF-485C-A8C1-6BF575797A37}.Release|Any CPU.ActiveCfg = Release|Any CPU
		{B0B85CD6-72DF-485C-A8C1-6BF575797A37}.Release|Any CPU.Build.0 = Release|Any CPU
		{2881BC10-316C-4579-B2D7-C1FED567B67C}.Debug|Any CPU.ActiveCfg = Debug|Any CPU
		{2881BC10-316C-4579-B2D7-C1FED567B67C}.Debug|Any CPU.Build.0 = Debug|Any CPU
		{2881BC10-316C-4579-B2D7-C1FED567B67C}.Release|Any CPU.ActiveCfg = Release|Any CPU
		{2881BC10-316C-4579-B2D7-C1FED567B67C}.Release|Any CPU.Build.0 = Release|Any CPU
		{9CE985C8-CC71-45CC-9831-CDFA9EBCCCD4}.Debug|Any CPU.ActiveCfg = Debug|Any CPU
		{9CE985C8-CC71-45CC-9831-CDFA9EBCCCD4}.Debug|Any CPU.Build.0 = Debug|Any CPU
		{9CE985C8-CC71-45CC-9831-CDFA9EBCCCD4}.Release|Any CPU.ActiveCfg = Release|Any CPU
		{9CE985C8-CC71-45CC-9831-CDFA9EBCCCD4}.Release|Any CPU.Build.0 = Release|Any CPU
		{755EE49F-EACE-48CE-8C23-7C6ADDC8228A}.Debug|Any CPU.ActiveCfg = Debug|Any CPU
		{755EE49F-EACE-48CE-8C23-7C6ADDC8228A}.Debug|Any CPU.Build.0 = Debug|Any CPU
		{755EE49F-EACE-48CE-8C23-7C6ADDC8228A}.Release|Any CPU.ActiveCfg = Release|Any CPU
		{755EE49F-EACE-48CE-8C23-7C6ADDC8228A}.Release|Any CPU.Build.0 = Release|Any CPU
		{3A47C861-01B9-4486-BEA3-919B29507946}.Debug|Any CPU.ActiveCfg = Debug|Any CPU
		{3A47C861-01B9-4486-BEA3-919B29507946}.Debug|Any CPU.Build.0 = Debug|Any CPU
		{3A47C861-01B9-4486-BEA3-919B29507946}.Release|Any CPU.ActiveCfg = Release|Any CPU
		{3A47C861-01B9-4486-BEA3-919B29507946}.Release|Any CPU.Build.0 = Release|Any CPU
		{59B257A8-6DEB-48A4-A428-C7A09C29BE35}.Debug|Any CPU.ActiveCfg = Debug|Any CPU
		{59B257A8-6DEB-48A4-A428-C7A09C29BE35}.Debug|Any CPU.Build.0 = Debug|Any CPU
		{59B257A8-6DEB-48A4-A428-C7A09C29BE35}.Release|Any CPU.ActiveCfg = Release|Any CPU
		{59B257A8-6DEB-48A4-A428-C7A09C29BE35}.Release|Any CPU.Build.0 = Release|Any CPU
		{B76717E7-C6BC-4521-AC98-7034F4E21888}.Debug|Any CPU.ActiveCfg = Debug|Any CPU
		{B76717E7-C6BC-4521-AC98-7034F4E21888}.Debug|Any CPU.Build.0 = Debug|Any CPU
		{B76717E7-C6BC-4521-AC98-7034F4E21888}.Release|Any CPU.ActiveCfg = Release|Any CPU
		{B76717E7-C6BC-4521-AC98-7034F4E21888}.Release|Any CPU.Build.0 = Release|Any CPU
		{64C41B4C-C028-4CDB-8353-2D0206BBE94C}.Debug|Any CPU.ActiveCfg = Debug|Any CPU
		{64C41B4C-C028-4CDB-8353-2D0206BBE94C}.Debug|Any CPU.Build.0 = Debug|Any CPU
		{64C41B4C-C028-4CDB-8353-2D0206BBE94C}.Release|Any CPU.ActiveCfg = Release|Any CPU
		{64C41B4C-C028-4CDB-8353-2D0206BBE94C}.Release|Any CPU.Build.0 = Release|Any CPU
		{263B4C27-529D-4DB8-8412-3023A2BB1FCA}.Debug|Any CPU.ActiveCfg = Debug|Any CPU
		{263B4C27-529D-4DB8-8412-3023A2BB1FCA}.Debug|Any CPU.Build.0 = Debug|Any CPU
		{263B4C27-529D-4DB8-8412-3023A2BB1FCA}.Release|Any CPU.ActiveCfg = Release|Any CPU
		{263B4C27-529D-4DB8-8412-3023A2BB1FCA}.Release|Any CPU.Build.0 = Release|Any CPU
		{F20BE916-9EB6-4540-A98E-799938F512B7}.Debug|Any CPU.ActiveCfg = Debug|Any CPU
		{F20BE916-9EB6-4540-A98E-799938F512B7}.Debug|Any CPU.Build.0 = Debug|Any CPU
		{F20BE916-9EB6-4540-A98E-799938F512B7}.Release|Any CPU.ActiveCfg = Release|Any CPU
		{F20BE916-9EB6-4540-A98E-799938F512B7}.Release|Any CPU.Build.0 = Release|Any CPU
		{02212D24-5EA7-4E8C-8B72-5E5FD28A496A}.Debug|Any CPU.ActiveCfg = Debug|Any CPU
		{02212D24-5EA7-4E8C-8B72-5E5FD28A496A}.Debug|Any CPU.Build.0 = Debug|Any CPU
		{02212D24-5EA7-4E8C-8B72-5E5FD28A496A}.Release|Any CPU.ActiveCfg = Release|Any CPU
		{02212D24-5EA7-4E8C-8B72-5E5FD28A496A}.Release|Any CPU.Build.0 = Release|Any CPU
		{B2FCDF99-C5F5-405C-A147-B4B7565394DD}.Debug|Any CPU.ActiveCfg = Debug|Any CPU
		{B2FCDF99-C5F5-405C-A147-B4B7565394DD}.Debug|Any CPU.Build.0 = Debug|Any CPU
		{B2FCDF99-C5F5-405C-A147-B4B7565394DD}.Release|Any CPU.ActiveCfg = Release|Any CPU
		{B2FCDF99-C5F5-405C-A147-B4B7565394DD}.Release|Any CPU.Build.0 = Release|Any CPU
		{C178C382-F8B9-46F8-BCBD-4F968169D8A3}.Debug|Any CPU.ActiveCfg = Debug|Any CPU
		{C178C382-F8B9-46F8-BCBD-4F968169D8A3}.Debug|Any CPU.Build.0 = Debug|Any CPU
		{C178C382-F8B9-46F8-BCBD-4F968169D8A3}.Release|Any CPU.ActiveCfg = Release|Any CPU
		{C178C382-F8B9-46F8-BCBD-4F968169D8A3}.Release|Any CPU.Build.0 = Release|Any CPU
		{7B8DF3B4-33BA-484A-BFD1-B8EC57A9996C}.Debug|Any CPU.ActiveCfg = Debug|Any CPU
		{7B8DF3B4-33BA-484A-BFD1-B8EC57A9996C}.Debug|Any CPU.Build.0 = Debug|Any CPU
		{7B8DF3B4-33BA-484A-BFD1-B8EC57A9996C}.Release|Any CPU.ActiveCfg = Release|Any CPU
		{7B8DF3B4-33BA-484A-BFD1-B8EC57A9996C}.Release|Any CPU.Build.0 = Release|Any CPU
		{3B6BEC4C-83A5-425F-AA56-04F93B51928E}.Debug|Any CPU.ActiveCfg = Debug|Any CPU
		{3B6BEC4C-83A5-425F-AA56-04F93B51928E}.Debug|Any CPU.Build.0 = Debug|Any CPU
		{3B6BEC4C-83A5-425F-AA56-04F93B51928E}.Release|Any CPU.ActiveCfg = Release|Any CPU
		{3B6BEC4C-83A5-425F-AA56-04F93B51928E}.Release|Any CPU.Build.0 = Release|Any CPU
	EndGlobalSection
	GlobalSection(SolutionProperties) = preSolution
		HideSolutionNode = FALSE
	EndGlobalSection
	GlobalSection(NestedProjects) = preSolution
		{B82B5EAA-CA4E-4D3A-ADA0-0757BBF499EC} = {A8EAA25D-3B25-4DB9-8006-AE5FD952D3D1}
		{D130336F-0A5C-41A9-B939-A82CCF4F4FFB} = {6F4260A1-07DE-473B-9191-E560E0031695}
		{4B9F74F2-2884-4EB2-B4F5-5D913877099B} = {6F4260A1-07DE-473B-9191-E560E0031695}
		{B0B85CD6-72DF-485C-A8C1-6BF575797A37} = {6F4260A1-07DE-473B-9191-E560E0031695}
		{2881BC10-316C-4579-B2D7-C1FED567B67C} = {6F4260A1-07DE-473B-9191-E560E0031695}
		{9CE985C8-CC71-45CC-9831-CDFA9EBCCCD4} = {367EAB79-D527-41A8-BF26-2321B1880F42}
		{755EE49F-EACE-48CE-8C23-7C6ADDC8228A} = {0030D124-98BE-4F0B-862B-BA73B4AAB4AC}
		{3A47C861-01B9-4486-BEA3-919B29507946} = {B25D00B2-704E-4952-A188-CFF41D0BB9EB}
		{59B257A8-6DEB-48A4-A428-C7A09C29BE35} = {C7F114E7-E5E1-4ADB-8A3B-009D9743A281}
		{B76717E7-C6BC-4521-AC98-7034F4E21888} = {76B763F5-8C76-4B3E-9854-64544B6AE6CF}
		{0030D124-98BE-4F0B-862B-BA73B4AAB4AC} = {DE51B862-11D3-4282-B066-559680C5CEF0}
		{367EAB79-D527-41A8-BF26-2321B1880F42} = {DE51B862-11D3-4282-B066-559680C5CEF0}
		{C7F114E7-E5E1-4ADB-8A3B-009D9743A281} = {DE51B862-11D3-4282-B066-559680C5CEF0}
		{76B763F5-8C76-4B3E-9854-64544B6AE6CF} = {DE51B862-11D3-4282-B066-559680C5CEF0}
		{64C41B4C-C028-4CDB-8353-2D0206BBE94C} = {B25D00B2-704E-4952-A188-CFF41D0BB9EB}
		{263B4C27-529D-4DB8-8412-3023A2BB1FCA} = {367EAB79-D527-41A8-BF26-2321B1880F42}
		{F20BE916-9EB6-4540-A98E-799938F512B7} = {367EAB79-D527-41A8-BF26-2321B1880F42}
		{02212D24-5EA7-4E8C-8B72-5E5FD28A496A} = {367EAB79-D527-41A8-BF26-2321B1880F42}
		{4D9EBA3C-CE97-45E3-8E26-22F90B326855} = {DE51B862-11D3-4282-B066-559680C5CEF0}
		{B2FCDF99-C5F5-405C-A147-B4B7565394DD} = {4D9EBA3C-CE97-45E3-8E26-22F90B326855}
		{C178C382-F8B9-46F8-BCBD-4F968169D8A3} = {B25D00B2-704E-4952-A188-CFF41D0BB9EB}
		{8EF6C4D0-3A27-42CB-9499-BFF291FD5F3C} = {DE51B862-11D3-4282-B066-559680C5CEF0}
		{7B8DF3B4-33BA-484A-BFD1-B8EC57A9996C} = {8EF6C4D0-3A27-42CB-9499-BFF291FD5F3C}
		{3B6BEC4C-83A5-425F-AA56-04F93B51928E} = {B25D00B2-704E-4952-A188-CFF41D0BB9EB}
	EndGlobalSection
	GlobalSection(ExtensibilityGlobals) = postSolution
		SolutionGuid = {A8F2C855-EF71-49C9-8630-D9920FD7601A}
	EndGlobalSection
EndGlobal
